
Microsoft Visual Studio Solution File, Format Version 12.00
# Visual Studio Version 16
VisualStudioVersion = 16.0.31729.503
MinimumVisualStudioVersion = 10.0.40219.1
Project("{FAE04EC0-301F-11D3-BF4B-00C04F79EFBC}") = "floatchart Hello", "floatchart Hello\floatchart Hello.csproj", "{8FF43467-CC6F-495F-9777-41421D89565F}"
EndProject
Global
	GlobalSection(SolutionConfigurationPlatforms) = preSolution
		Debug|Any CPU = Debug|Any CPU
		Release|Any CPU = Release|Any CPU
	EndGlobalSection
	GlobalSection(ProjectConfigurationPlatforms) = postSolution
		{8FF43467-CC6F-495F-9777-41421D89565F}.Debug|Any CPU.ActiveCfg = Debug|Any CPU
		{8FF43467-CC6F-495F-9777-41421D89565F}.Debug|Any CPU.Build.0 = Debug|Any CPU
		{8FF43467-CC6F-495F-9777-41421D89565F}.Release|Any CPU.ActiveCfg = Release|Any CPU
		{8FF43467-CC6F-495F-9777-41421D89565F}.Release|Any CPU.Build.0 = Release|Any CPU
	EndGlobalSection
	GlobalSection(SolutionProperties) = preSolution
		HideSolutionNode = FALSE
	EndGlobalSection
	GlobalSection(ExtensibilityGlobals) = postSolution
		SolutionGuid = {1D18E85C-C915-45EC-AA62-73284A862726}
	EndGlobalSection
EndGlobal
