
Microsoft Visual Studio Solution File, Format Version 12.00
# Visual Studio Version 16
VisualStudioVersion = 16.0.31729.503
MinimumVisualStudioVersion = 10.0.40219.1
Project("{FAE04EC0-301F-11D3-BF4B-00C04F79EFBC}") = "floatchart num 3", "floatchart num 3\floatchart num 3.csproj", "{E58FC903-AE47-4AFB-ADE7-0F3BD8874CDA}"
EndProject
Global
	GlobalSection(SolutionConfigurationPlatforms) = preSolution
		Debug|Any CPU = Debug|Any CPU
		Release|Any CPU = Release|Any CPU
	EndGlobalSection
	GlobalSection(ProjectConfigurationPlatforms) = postSolution
		{E58FC903-AE47-4AFB-ADE7-0F3BD8874CDA}.Debug|Any CPU.ActiveCfg = Debug|Any CPU
		{E58FC903-AE47-4AFB-ADE7-0F3BD8874CDA}.Debug|Any CPU.Build.0 = Debug|Any CPU
		{E58FC903-AE47-4AFB-ADE7-0F3BD8874CDA}.Release|Any CPU.ActiveCfg = Release|Any CPU
		{E58FC903-AE47-4AFB-ADE7-0F3BD8874CDA}.Release|Any CPU.Build.0 = Release|Any CPU
	EndGlobalSection
	GlobalSection(SolutionProperties) = preSolution
		HideSolutionNode = FALSE
	EndGlobalSection
	GlobalSection(ExtensibilityGlobals) = postSolution
		SolutionGuid = {402003FD-0C05-4B5A-8823-1341EDC4DA2D}
	EndGlobalSection
EndGlobal
